
Microsoft Visual Studio Solution File, Format Version 12.00
# Visual Studio Version 17
VisualStudioVersion = 17.13.35825.156 d17.13
MinimumVisualStudioVersion = 10.0.40219.1
Project("{FAE04EC0-301F-11D3-BF4B-00C04F79EFBC}") = "AgroSolutions-IngestionService", "AgroSolutions-IngestionService.csproj", "{BE49C5FE-EA65-4DEC-ACE7-B739C31E203E}"
EndProject
Global
	GlobalSection(SolutionConfigurationPlatforms) = preSolution
		Debug|Any CPU = Debug|Any CPU
		Release|Any CPU = Release|Any CPU
	EndGlobalSection
	GlobalSection(ProjectConfigurationPlatforms) = postSolution
		{BE49C5FE-EA65-4DEC-ACE7-B739C31E203E}.Debug|Any CPU.ActiveCfg = Debug|Any CPU
		{BE49C5FE-EA65-4DEC-ACE7-B739C31E203E}.Debug|Any CPU.Build.0 = Debug|Any CPU
		{BE49C5FE-EA65-4DEC-ACE7-B739C31E203E}.Release|Any CPU.ActiveCfg = Release|Any CPU
		{BE49C5FE-EA65-4DEC-ACE7-B739C31E203E}.Release|Any CPU.Build.0 = Release|Any CPU
	EndGlobalSection
	GlobalSection(SolutionProperties) = preSolution
		HideSolutionNode = FALSE
	EndGlobalSection
	GlobalSection(ExtensibilityGlobals) = postSolution
		SolutionGuid = {F0FEDACE-60EC-4539-BA87-1F666CDC800A}
	EndGlobalSection
EndGlobal
